{
    "name": "cgv-web",
    "version": "1.0.0",
    "lockfileVersion": 1,
    "requires": true,
    "dependencies": {
        "@babel/runtime": {
            "version": "7.17.8",
            "resolved": "https://registry.npmjs.org/@babel/runtime/-/runtime-7.17.8.tgz",
            "integrity": "sha512-dQpEpK0O9o6lj6oPu0gRDbbnk+4LeHlNcBpspf6Olzt3GIX4P1lWF1gS+pHLDFlaJvbR6q7jCfQ08zA4QJBnmA==",
            "requires": {
                "regenerator-runtime": "^0.13.4"
            }
        },
        "@chevrotain/cst-dts-gen": {
            "version": "10.1.2",
            "resolved": "https://registry.npmjs.org/@chevrotain/cst-dts-gen/-/cst-dts-gen-10.1.2.tgz",
            "integrity": "sha512-E/XrL0QlzExycPzwhOEZGVOheJ/Clr5uNv3oCds88MiNqEmg3UU1iauZk7DhjsUo3jgEW4lf0I5HRl7/HC5ZkQ==",
            "requires": {
                "@chevrotain/gast": "^10.1.2",
                "@chevrotain/types": "^10.1.2",
                "lodash": "4.17.21"
            }
        },
        "@chevrotain/gast": {
            "version": "10.1.2",
            "resolved": "https://registry.npmjs.org/@chevrotain/gast/-/gast-10.1.2.tgz",
            "integrity": "sha512-er+TcxUOMuGOPoiOq8CJsRm92zGE4YPIYtyxJfxoVwVgtj4AMrPNCmrHvYaK/bsbt2DaDuFdcbbAfM9bcBXW6Q==",
            "requires": {
                "@chevrotain/types": "^10.1.2",
                "lodash": "4.17.21"
            }
        },
        "@chevrotain/types": {
            "version": "10.1.2",
            "resolved": "https://registry.npmjs.org/@chevrotain/types/-/types-10.1.2.tgz",
            "integrity": "sha512-4qF9SmmWKv8AIG/3d+71VFuqLumNCQTP5GoL0CW6x7Ay2OdXm6FUgWFLTMneGUjYUk2C+MSCf7etQfdq3LEr1A=="
        },
        "@chevrotain/utils": {
            "version": "10.1.2",
            "resolved": "https://registry.npmjs.org/@chevrotain/utils/-/utils-10.1.2.tgz",
            "integrity": "sha512-bbZIpW6fdyf7FMaeDmw3cBbkTqsecxEkwlVKgVfqqXWBPLH6azxhPA2V9F7OhoZSVrsnMYw7QuyK6qutXPjEew=="
        },
        "@next/env": {
            "version": "12.1.4",
            "resolved": "https://registry.npmjs.org/@next/env/-/env-12.1.4.tgz",
            "integrity": "sha512-7gQwotJDKnfMxxXd8xJ2vsX5AzyDxO3zou0+QOXX8/unypA6icw5+wf6A62yKZ6qQ4UZHHxS68pb6UV+wNneXg=="
        },
        "@next/swc-android-arm-eabi": {
            "version": "12.1.4",
            "resolved": "https://registry.npmjs.org/@next/swc-android-arm-eabi/-/swc-android-arm-eabi-12.1.4.tgz",
            "integrity": "sha512-FJg/6a3s2YrUaqZ+/DJZzeZqfxbbWrynQMT1C5wlIEq9aDLXCFpPM/PiOyJh0ahxc0XPmi6uo38Poq+GJTuKWw==",
            "optional": true
        },
        "@next/swc-android-arm64": {
            "version": "12.1.4",
            "resolved": "https://registry.npmjs.org/@next/swc-android-arm64/-/swc-android-arm64-12.1.4.tgz",
            "integrity": "sha512-LXraazvQQFBgxIg3Htny6G5V5he9EK7oS4jWtMdTGIikmD/OGByOv8ZjLuVLZLtVm3UIvaAiGtlQSLecxJoJDw==",
            "optional": true
        },
        "@next/swc-darwin-arm64": {
            "version": "12.1.4",
            "resolved": "https://registry.npmjs.org/@next/swc-darwin-arm64/-/swc-darwin-arm64-12.1.4.tgz",
            "integrity": "sha512-SSST/dBymecllZxcqTCcSTCu5o1NKk9I+xcvhn/O9nH6GWjgvGgGkNqLbCarCa0jJ1ukvlBA138FagyrmZ/4rQ==",
            "optional": true
        },
        "@next/swc-darwin-x64": {
            "version": "12.1.4",
            "resolved": "https://registry.npmjs.org/@next/swc-darwin-x64/-/swc-darwin-x64-12.1.4.tgz",
            "integrity": "sha512-p1lwdX0TVjaoDXQVuAkjtxVBbCL/urgxiMCBwuPDO7TikpXtSRivi+mIzBj5q7ypgICFmIAOW3TyupXeoPRAnA==",
            "optional": true
        },
        "@next/swc-linux-arm-gnueabihf": {
            "version": "12.1.4",
            "resolved": "https://registry.npmjs.org/@next/swc-linux-arm-gnueabihf/-/swc-linux-arm-gnueabihf-12.1.4.tgz",
            "integrity": "sha512-67PZlgkCn3TDxacdVft0xqDCL7Io1/C4xbAs0+oSQ0xzp6OzN2RNpuKjHJrJgKd0DsE1XZ9sCP27Qv0591yfyg==",
            "optional": true
        },
        "@next/swc-linux-arm64-gnu": {
            "version": "12.1.4",
            "resolved": "https://registry.npmjs.org/@next/swc-linux-arm64-gnu/-/swc-linux-arm64-gnu-12.1.4.tgz",
            "integrity": "sha512-OnOWixhhw7aU22TQdQLYrgpgFq0oA1wGgnjAiHJ+St7MLj82KTDyM9UcymAMbGYy6nG/TFOOHdTmRMtCRNOw0g==",
            "optional": true
        },
        "@next/swc-linux-arm64-musl": {
            "version": "12.1.4",
            "resolved": "https://registry.npmjs.org/@next/swc-linux-arm64-musl/-/swc-linux-arm64-musl-12.1.4.tgz",
            "integrity": "sha512-UoRMzPZnsAavdWtVylYxH8DNC7Uy0i6RrvNwT4PyQVdfANBn2omsUkcH5lgS2O7oaz0nAYLk1vqyZDO7+tJotA==",
            "optional": true
        },
        "@next/swc-linux-x64-gnu": {
            "version": "12.1.4",
            "resolved": "https://registry.npmjs.org/@next/swc-linux-x64-gnu/-/swc-linux-x64-gnu-12.1.4.tgz",
            "integrity": "sha512-nM+MA/frxlTLUKLJKorctdI20/ugfHRjVEEkcLp/58LGG7slNaP1E5d5dRA1yX6ISjPcQAkywas5VlGCg+uTvA==",
            "optional": true
        },
        "@next/swc-linux-x64-musl": {
            "version": "12.1.4",
            "resolved": "https://registry.npmjs.org/@next/swc-linux-x64-musl/-/swc-linux-x64-musl-12.1.4.tgz",
            "integrity": "sha512-GoRHxkuW4u4yKw734B9SzxJwVdyEJosaZ62P7ifOwcujTxhgBt3y76V2nNUrsSuopcKI2ZTDjaa+2wd5zyeXbA==",
            "optional": true
        },
        "@next/swc-win32-arm64-msvc": {
            "version": "12.1.4",
            "resolved": "https://registry.npmjs.org/@next/swc-win32-arm64-msvc/-/swc-win32-arm64-msvc-12.1.4.tgz",
            "integrity": "sha512-6TQkQze0ievXwHJcVUrIULwCYVe3ccX6T0JgZ1SiMeXpHxISN7VJF/O8uSCw1JvXZYZ6ud0CJ7nfC5HXivgfPg==",
            "optional": true
        },
        "@next/swc-win32-ia32-msvc": {
            "version": "12.1.4",
            "resolved": "https://registry.npmjs.org/@next/swc-win32-ia32-msvc/-/swc-win32-ia32-msvc-12.1.4.tgz",
            "integrity": "sha512-CsbX/IXuZ5VSmWCpSetG2HD6VO5FTsO39WNp2IR2Ut/uom9XtLDJAZqjQEnbUTLGHuwDKFjrIO3LkhtROXLE/g==",
            "optional": true
        },
        "@next/swc-win32-x64-msvc": {
            "version": "12.1.4",
            "resolved": "https://registry.npmjs.org/@next/swc-win32-x64-msvc/-/swc-win32-x64-msvc-12.1.4.tgz",
            "integrity": "sha512-JtYuWzKXKLDMgE/xTcFtCm1MiCIRaAc5XYZfYX3n/ZWSI1SJS/GMm+Su0SAHJgRFavJh6U/p998YwO/iGTIgqQ==",
            "optional": true
        },
        "@react-spring/animated": {
            "version": "9.4.4",
            "resolved": "https://registry.npmjs.org/@react-spring/animated/-/animated-9.4.4.tgz",
            "integrity": "sha512-e9xnuBaUTD+NolKikUmrGWjX8AVCPyj1GcEgjgq9E+0sXKv46UY7cm2EmB6mUDTxWIDVKebARY++xT4nGDraBQ==",
            "requires": {
                "@react-spring/shared": "~9.4.4",
                "@react-spring/types": "~9.4.4"
            }
        },
        "@react-spring/core": {
            "version": "9.4.4",
            "resolved": "https://registry.npmjs.org/@react-spring/core/-/core-9.4.4.tgz",
            "integrity": "sha512-llgb0ljFyjMB0JhWsaFHOi9XFT8n1jBMVs1IFY2ipIBerWIRWrgUmIpakLPHTa4c4jwqTaDSwX90s2a0iN7dxQ==",
            "requires": {
                "@react-spring/animated": "~9.4.4",
                "@react-spring/rafz": "~9.4.4",
                "@react-spring/shared": "~9.4.4",
                "@react-spring/types": "~9.4.4"
            }
        },
        "@react-spring/rafz": {
            "version": "9.4.4",
            "resolved": "https://registry.npmjs.org/@react-spring/rafz/-/rafz-9.4.4.tgz",
            "integrity": "sha512-5ki/sQ06Mdf8AuFstSt5zbNNicRT4LZogiJttDAww1ozhuvemafNWEHxhzcULgCPCDu2s7HsroaISV7+GQWrhw=="
        },
        "@react-spring/shared": {
            "version": "9.4.4",
            "resolved": "https://registry.npmjs.org/@react-spring/shared/-/shared-9.4.4.tgz",
            "integrity": "sha512-ySVgScDZlhm/+Iy2smY9i/DDrShArY0j6zjTS/Re1lasKnhq8qigoGiAxe8xMPJNlCaj3uczCqHy3TY9bKRtfQ==",
            "requires": {
                "@react-spring/rafz": "~9.4.4",
                "@react-spring/types": "~9.4.4"
            }
        },
        "@react-spring/three": {
            "version": "9.4.4",
            "resolved": "https://registry.npmjs.org/@react-spring/three/-/three-9.4.4.tgz",
            "integrity": "sha512-z77ohxg8zG0CcZJojzfoJTTrjSbIyefNz2RlId68/4IypnOs1p8kB2Q1p+wX4KyWORpLg8ivsPcjtwBjGwfDtg==",
            "requires": {
                "@react-spring/animated": "~9.4.4",
                "@react-spring/core": "~9.4.4",
                "@react-spring/shared": "~9.4.4",
                "@react-spring/types": "~9.4.4"
            }
        },
        "@react-spring/types": {
            "version": "9.4.4",
            "resolved": "https://registry.npmjs.org/@react-spring/types/-/types-9.4.4.tgz",
            "integrity": "sha512-KpxKt/D//q/t/6FBcde/RE36LKp8PpWu7kFEMLwpzMGl9RpcexunmYOQJWwmJWtkQjgE1YRr7DzBMryz6La1cQ=="
        },
        "@react-three/drei": {
            "version": "9.1.2",
            "resolved": "https://registry.npmjs.org/@react-three/drei/-/drei-9.1.2.tgz",
            "integrity": "sha512-tLNB64n2FLk7e/WyLre1G16/0Rf1UMBUU7/yFM5Ebc7yTn3kz/k6V7ecb6oiFYd+uVu6F860zeVTrMz60PRnhw==",
            "requires": {
                "@babel/runtime": "^7.11.2",
                "@react-spring/three": "^9.3.1",
                "@use-gesture/react": "^10.2.0",
                "detect-gpu": "^4.0.14",
                "glsl-noise": "^0.0.0",
                "lodash.omit": "^4.5.0",
                "lodash.pick": "^4.4.0",
                "meshline": "^2.0.4",
                "react-composer": "^5.0.2",
                "react-merge-refs": "^1.1.0",
                "stats.js": "^0.17.0",
                "suspend-react": "^0.0.8",
                "three-mesh-bvh": "^0.5.7",
                "three-stdlib": "^2.8.12",
                "troika-three-text": "^0.46.3",
                "utility-types": "^3.10.0",
                "zustand": "^3.5.13"
            }
        },
        "@react-three/fiber": {
            "version": "8.0.9",
            "resolved": "https://registry.npmjs.org/@react-three/fiber/-/fiber-8.0.9.tgz",
            "integrity": "sha512-9hh3w0JjPwtoqRexCnAVSPK3kdjtTqpaeTDZOW2RHmfU0gSYaKijY+PtaiHjoym/2oTfa21mCmaROXXS2jDvvQ==",
            "requires": {
                "@babel/runtime": "^7.17.8",
                "@types/react-reconciler": "^0.26.4",
                "react-merge-refs": "^1.1.0",
                "react-reconciler": "^0.27.0",
                "react-use-measure": "^2.1.1",
                "scheduler": "^0.21.0",
                "suspend-react": "^0.0.8",
                "zustand": "^3.7.1"
            }
        },
        "@types/node": {
            "version": "17.0.13",
            "resolved": "https://registry.npmjs.org/@types/node/-/node-17.0.13.tgz",
            "integrity": "sha512-Y86MAxASe25hNzlDbsviXl8jQHb0RDvKt4c40ZJQ1Don0AAL0STLZSs4N+6gLEO55pedy7r2cLwS+ZDxPm/2Bw==",
            "dev": true
        },
        "@types/prop-types": {
            "version": "15.7.4",
            "resolved": "https://registry.npmjs.org/@types/prop-types/-/prop-types-15.7.4.tgz",
            "integrity": "sha512-rZ5drC/jWjrArrS8BR6SIr4cWpW09RNTYt9AMZo3Jwwif+iacXAqgVjm0B0Bv/S1jhDXKHqRVNCbACkJ89RAnQ=="
        },
        "@types/react": {
            "version": "17.0.38",
            "resolved": "https://registry.npmjs.org/@types/react/-/react-17.0.38.tgz",
            "integrity": "sha512-SI92X1IA+FMnP3qM5m4QReluXzhcmovhZnLNm3pyeQlooi02qI7sLiepEYqT678uNiyc25XfCqxREFpy3W7YhQ==",
            "requires": {
                "@types/prop-types": "*",
                "@types/scheduler": "*",
                "csstype": "^3.0.2"
            }
        },
        "@types/react-dom": {
            "version": "17.0.11",
            "resolved": "https://registry.npmjs.org/@types/react-dom/-/react-dom-17.0.11.tgz",
            "integrity": "sha512-f96K3k+24RaLGVu/Y2Ng3e1EbZ8/cVJvypZWd7cy0ofCBaf2lcM46xNhycMZ2xGwbBjRql7hOlZ+e2WlJ5MH3Q==",
            "dev": true,
            "requires": {
                "@types/react": "*"
            }
        },
        "@types/react-reconciler": {
            "version": "0.26.4",
            "resolved": "https://registry.npmjs.org/@types/react-reconciler/-/react-reconciler-0.26.4.tgz",
            "integrity": "sha512-bdx4aIBkQRDAnzc23JBFeZmVpmfLJHfHikmQukEt9qs4bQtq9f+PDbNwhR9u74FkIUyIDz1I1qJ8OF6RwadKpw==",
            "requires": {
                "@types/react": "*"
            }
        },
        "@types/scheduler": {
            "version": "0.16.2",
            "resolved": "https://registry.npmjs.org/@types/scheduler/-/scheduler-0.16.2.tgz",
            "integrity": "sha512-hppQEBDmlwhFAXKJX2KnWLYu5yMfi91yazPb2l+lbJiwW+wdo1gNeRA+3RgNSO39WYX2euey41KEwnqesU2Jew=="
        },
        "@use-gesture/core": {
            "version": "10.2.2",
            "resolved": "https://registry.npmjs.org/@use-gesture/core/-/core-10.2.2.tgz",
            "integrity": "sha512-jIaKSHsruYcFEhUHVoFYLuucIVTx1QjUc8CEHD+SPZtwpY8kBPG0lHeNd6ZpX01llBaEygm3cPWFm+SstjTRoQ=="
        },
        "@use-gesture/react": {
            "version": "10.2.2",
            "resolved": "https://registry.npmjs.org/@use-gesture/react/-/react-10.2.2.tgz",
            "integrity": "sha512-ZRi/xAm/LWfWuAY3IKwCjdXylXAVIubcj3j100KcTdGPqfxxyYUhoT7bNOMMWu8H3oWiXbdwvZ90Wd5f/KfHMA==",
            "requires": {
                "@use-gesture/core": "10.2.2"
            }
        },
        "@webgpu/glslang": {
            "version": "0.0.15",
            "resolved": "https://registry.npmjs.org/@webgpu/glslang/-/glslang-0.0.15.tgz",
            "integrity": "sha512-niT+Prh3Aff8Uf1MVBVUsaNjFj9rJAKDXuoHIKiQbB+6IUP/3J3JIhBNyZ7lDhytvXxw6ppgnwKZdDJ08UMj4Q=="
        },
        "anymatch": {
            "version": "3.1.2",
            "resolved": "https://registry.npmjs.org/anymatch/-/anymatch-3.1.2.tgz",
            "integrity": "sha512-P43ePfOAIupkguHUycrc4qJ9kz8ZiuOUijaETwX7THt0Y/GNK7v0aa8rY816xWjZ7rJdA5XdMcpVFTKMq+RvWg==",
            "dev": true,
            "requires": {
                "normalize-path": "^3.0.0",
                "picomatch": "^2.0.4"
            }
        },
        "bidi-js": {
            "version": "1.0.2",
            "resolved": "https://registry.npmjs.org/bidi-js/-/bidi-js-1.0.2.tgz",
            "integrity": "sha512-rzSy/k7WdX5zOyeHHCOixGXbCHkyogkxPKL2r8QtzHmVQDiWCXUWa18bLdMWT9CYMLOYTjWpTHawuev2ouYJVw==",
            "requires": {
                "require-from-string": "^2.0.2"
            }
        },
        "binary-extensions": {
            "version": "2.2.0",
            "resolved": "https://registry.npmjs.org/binary-extensions/-/binary-extensions-2.2.0.tgz",
            "integrity": "sha512-jDctJ/IVQbZoJykoeHbhXpOlNBqGNcwXJKJog42E5HDPUwQTSdjCHdihjj0DlnheQ7blbT6dHOafNAiS8ooQKA==",
            "dev": true
        },
        "bootstrap": {
            "version": "5.1.3",
            "resolved": "https://registry.npmjs.org/bootstrap/-/bootstrap-5.1.3.tgz",
            "integrity": "sha512-fcQztozJ8jToQWXxVuEyXWW+dSo8AiXWKwiSSrKWsRB/Qt+Ewwza+JWoLKiTuQLaEPhdNAJ7+Dosc9DOIqNy7Q=="
        },
        "braces": {
            "version": "3.0.2",
            "resolved": "https://registry.npmjs.org/braces/-/braces-3.0.2.tgz",
            "integrity": "sha512-b8um+L1RzM3WDSzvhm6gIz1yfTbBt6YTlcEKAvsmqCZZFw46z626lVj9j1yEPW33H5H+lBQpZMP1k8l+78Ha0A==",
            "dev": true,
            "requires": {
                "fill-range": "^7.0.1"
            }
        },
        "caniuse-lite": {
            "version": "1.0.30001325",
            "resolved": "https://registry.npmjs.org/caniuse-lite/-/caniuse-lite-1.0.30001325.tgz",
            "integrity": "sha512-sB1bZHjseSjDtijV1Hb7PB2Zd58Kyx+n/9EotvZ4Qcz2K3d0lWB8dB4nb8wN/TsOGFq3UuAm0zQZNQ4SoR7TrQ=="
        },
        "cgv": {
            "version": "file:../dist"
        },
        "chevrotain": {
            "version": "10.1.2",
            "resolved": "https://registry.npmjs.org/chevrotain/-/chevrotain-10.1.2.tgz",
            "integrity": "sha512-hvRiQuhhTZxkPMGD/dke+s1EGo8AkKDBU05CcufBO278qgAQSwIC4QyLdHz0CFHVtqVYWjlAS5D1KwvBbaHT+w==",
            "requires": {
                "@chevrotain/cst-dts-gen": "^10.1.2",
                "@chevrotain/gast": "^10.1.2",
                "@chevrotain/types": "^10.1.2",
                "@chevrotain/utils": "^10.1.2",
                "lodash": "4.17.21",
                "regexp-to-ast": "0.5.0"
            }
        },
        "chokidar": {
            "version": "3.5.1",
            "resolved": "https://registry.npmjs.org/chokidar/-/chokidar-3.5.1.tgz",
            "integrity": "sha512-9+s+Od+W0VJJzawDma/gvBNQqkTiqYTWLuZoyAsivsI4AaWTCzHG06/TMjsf1cYe9Cb97UCEhjz7HvnPk2p/tw==",
            "dev": true,
            "requires": {
                "anymatch": "~3.1.1",
                "braces": "~3.0.2",
                "fsevents": "~2.3.1",
                "glob-parent": "~5.1.0",
                "is-binary-path": "~2.1.0",
                "is-glob": "~4.0.1",
                "normalize-path": "~3.0.0",
                "readdirp": "~3.5.0"
            }
        },
        "csstype": {
            "version": "3.0.10",
            "resolved": "https://registry.npmjs.org/csstype/-/csstype-3.0.10.tgz",
            "integrity": "sha512-2u44ZG2OcNUO9HDp/Jl8C07x6pU/eTR3ncV91SiK3dhG9TWvRVsCoJw14Ckx5DgWkzGA3waZWO3d7pgqpUI/XA=="
        },
        "debounce": {
            "version": "1.2.1",
            "resolved": "https://registry.npmjs.org/debounce/-/debounce-1.2.1.tgz",
            "integrity": "sha512-XRRe6Glud4rd/ZGQfiV1ruXSfbvfJedlV9Y6zOlP+2K04vBYiJEte6stfFkCP03aMnY5tsipamumUjL14fofug=="
        },
        "detect-gpu": {
            "version": "4.0.16",
            "resolved": "https://registry.npmjs.org/detect-gpu/-/detect-gpu-4.0.16.tgz",
            "integrity": "sha512-bNL3ndScBrVSjEg5HkTfqunJrbnq5IMpkfMzsquTOdKpgeeZN1Ve1WjchDSEDvIt/qjGfuCZggKxKvtAjdPrtw==",
            "requires": {
                "webgl-constants": "^1.1.1"
            }
        },
        "draco3d": {
            "version": "1.5.2",
            "resolved": "https://registry.npmjs.org/draco3d/-/draco3d-1.5.2.tgz",
            "integrity": "sha512-AeRQ25Fb29c14vpjnh167UGW0nGY0ZpEM3ld+zEXoEySlmEXcXfsCHZeTgo5qXH925V1JsdjrzasdaQ22/vXog=="
        },
        "fflate": {
            "version": "0.6.10",
            "resolved": "https://registry.npmjs.org/fflate/-/fflate-0.6.10.tgz",
            "integrity": "sha512-IQrh3lEPM93wVCEczc9SaAOvkmcoQn/G8Bo1e8ZPlY3X3bnAxWaBdvTdvM1hP62iZp0BXWDy4vTAy4fF0+Dlpg=="
        },
        "fill-range": {
            "version": "7.0.1",
            "resolved": "https://registry.npmjs.org/fill-range/-/fill-range-7.0.1.tgz",
            "integrity": "sha512-qOo9F+dMUmC2Lcb4BbVvnKJxTPjCm+RRpe4gDuGrzkL7mEVl/djYSu2OdQ2Pa302N4oqkSg9ir6jaLWJ2USVpQ==",
            "dev": true,
            "requires": {
                "to-regex-range": "^5.0.1"
            }
        },
        "fsevents": {
            "version": "2.3.2",
            "resolved": "https://registry.npmjs.org/fsevents/-/fsevents-2.3.2.tgz",
            "integrity": "sha512-xiqMQR4xAeHTuB9uWm+fFRcIOgKBMiOBP+eXiyT7jsgVCq1bkVygt00oASowB7EdtpOHaaPgKt812P9ab+DDKA==",
            "dev": true,
            "optional": true
        },
        "glob-parent": {
            "version": "5.1.2",
            "resolved": "https://registry.npmjs.org/glob-parent/-/glob-parent-5.1.2.tgz",
            "integrity": "sha512-AOIgSQCepiJYwP3ARnGx+5VnTu2HBYdzbGP45eLw1vr3zB3vZLeyed1sC9hnbcOc9/SrMyM5RPQrkGz4aS9Zow==",
            "dev": true,
            "requires": {
                "is-glob": "^4.0.1"
            }
        },
        "glsl-noise": {
            "version": "0.0.0",
            "resolved": "https://registry.npmjs.org/glsl-noise/-/glsl-noise-0.0.0.tgz",
            "integrity": "sha1-NndF86MzgsDu7Ey1S36Zz8HXZws="
        },
        "immutable": {
            "version": "4.0.0",
            "resolved": "https://registry.npmjs.org/immutable/-/immutable-4.0.0.tgz",
            "integrity": "sha512-zIE9hX70qew5qTUjSS7wi1iwj/l7+m54KWU247nhM3v806UdGj1yDndXj+IOYxxtW9zyLI+xqFNZjTuDaLUqFw==",
            "dev": true
        },
        "is-binary-path": {
            "version": "2.1.0",
            "resolved": "https://registry.npmjs.org/is-binary-path/-/is-binary-path-2.1.0.tgz",
            "integrity": "sha512-ZMERYes6pDydyuGidse7OsHxtbI7WVeUEozgR/g7rd0xUimYNlvZRE/K2MgZTjWy725IfelLeVcEM97mmtRGXw==",
            "dev": true,
            "requires": {
                "binary-extensions": "^2.0.0"
            }
        },
        "is-extglob": {
            "version": "2.1.1",
            "resolved": "https://registry.npmjs.org/is-extglob/-/is-extglob-2.1.1.tgz",
            "integrity": "sha1-qIwCU1eR8C7TfHahueqXc8gz+MI=",
            "dev": true
        },
        "is-glob": {
            "version": "4.0.3",
            "resolved": "https://registry.npmjs.org/is-glob/-/is-glob-4.0.3.tgz",
            "integrity": "sha512-xelSayHH36ZgE7ZWhli7pW34hNbNl8Ojv5KVmkJD4hBdD3th8Tfk9vYasLM+mXWOZhFkgZfxhLSnrwRr4elSSg==",
            "dev": true,
            "requires": {
                "is-extglob": "^2.1.1"
            }
        },
        "is-number": {
            "version": "7.0.0",
            "resolved": "https://registry.npmjs.org/is-number/-/is-number-7.0.0.tgz",
            "integrity": "sha512-41Cifkg6e8TylSpdtTpeLVMqvSBEVzTttHvERD741+pnZ8ANv0004MRL43QKPDlK9cGvNp6NZWZUBlbGXYxxng==",
            "dev": true
        },
        "js-tokens": {
            "version": "4.0.0",
            "resolved": "https://registry.npmjs.org/js-tokens/-/js-tokens-4.0.0.tgz",
            "integrity": "sha512-RdJUflcE3cUzKiMqQgsCu06FPu9UdIJO0beYbPhHN4k6apgJtifcoCtT9bcxOpYBtpD2kCM6Sbzg4CausW/PKQ=="
        },
        "ktx-parse": {
            "version": "0.2.2",
            "resolved": "https://registry.npmjs.org/ktx-parse/-/ktx-parse-0.2.2.tgz",
            "integrity": "sha512-cFBc1jnGG2WlUf52NbDUXK2obJ+Mo9WUkBRvr6tP6CKxRMvZwDDFNV3JAS4cewETp5KyexByfWm9sm+O8AffiQ=="
        },
        "lodash": {
            "version": "4.17.21",
            "resolved": "https://registry.npmjs.org/lodash/-/lodash-4.17.21.tgz",
            "integrity": "sha512-v2kDEe57lecTulaDIuNTPy3Ry4gLGJ6Z1O3vE1krgXZNrsQ+LFTGHVxVjcXPs17LhbZVGedAJv8XZ1tvj5FvSg=="
        },
        "lodash.omit": {
            "version": "4.5.0",
            "resolved": "https://registry.npmjs.org/lodash.omit/-/lodash.omit-4.5.0.tgz",
            "integrity": "sha1-brGa5aHuHdnfC5aeZs4Lf6MLXmA="
        },
        "lodash.pick": {
            "version": "4.4.0",
            "resolved": "https://registry.npmjs.org/lodash.pick/-/lodash.pick-4.4.0.tgz",
            "integrity": "sha1-UvBWEP/53tQiYRRB7R/BI6AwAbM="
        },
        "loose-envify": {
            "version": "1.4.0",
            "resolved": "https://registry.npmjs.org/loose-envify/-/loose-envify-1.4.0.tgz",
            "integrity": "sha512-lyuxPGr/Wfhrlem2CL/UcnUc1zcqKAImBDzukY7Y5F/yQiNdko6+fRLevlw1HgMySw7f611UIY408EtxRSoK3Q==",
            "requires": {
                "js-tokens": "^3.0.0 || ^4.0.0"
            }
        },
        "meshline": {
            "version": "2.0.4",
            "resolved": "https://registry.npmjs.org/meshline/-/meshline-2.0.4.tgz",
            "integrity": "sha512-Jh6DJl/zLqA4xsKvGv5950jr2ukyXQE1wgxs8u94cImHrvL6soVIggqjP+2hVHZXGYaKnWszhtjuCbKNeQyYiw=="
        },
        "mmd-parser": {
            "version": "1.0.4",
            "resolved": "https://registry.npmjs.org/mmd-parser/-/mmd-parser-1.0.4.tgz",
            "integrity": "sha512-Qi0VCU46t2IwfGv5KF0+D/t9cizcDug7qnNoy9Ggk7aucp0tssV8IwTMkBlDbm+VqAf3cdQHTCARKSsuS2MYFg=="
        },
        "nanoid": {
            "version": "3.3.2",
            "resolved": "https://registry.npmjs.org/nanoid/-/nanoid-3.3.2.tgz",
            "integrity": "sha512-CuHBogktKwpm5g2sRgv83jEy2ijFzBwMoYA60orPDR7ynsLijJDqgsi4RDGj3OJpy3Ieb+LYwiRmIOGyytgITA=="
        },
        "next": {
            "version": "12.1.4",
            "resolved": "https://registry.npmjs.org/next/-/next-12.1.4.tgz",
            "integrity": "sha512-DA4g97BM4Z0nKtDvCTm58RxdvoQyYzeg0AeVbh0N4Y/D8ELrNu47lQeEgRGF8hV4eQ+Sal90zxrJQQG/mPQ8CQ==",
            "requires": {
                "@next/env": "12.1.4",
                "@next/swc-android-arm-eabi": "12.1.4",
                "@next/swc-android-arm64": "12.1.4",
                "@next/swc-darwin-arm64": "12.1.4",
                "@next/swc-darwin-x64": "12.1.4",
                "@next/swc-linux-arm-gnueabihf": "12.1.4",
                "@next/swc-linux-arm64-gnu": "12.1.4",
                "@next/swc-linux-arm64-musl": "12.1.4",
                "@next/swc-linux-x64-gnu": "12.1.4",
                "@next/swc-linux-x64-musl": "12.1.4",
                "@next/swc-win32-arm64-msvc": "12.1.4",
                "@next/swc-win32-ia32-msvc": "12.1.4",
                "@next/swc-win32-x64-msvc": "12.1.4",
                "caniuse-lite": "^1.0.30001283",
                "postcss": "8.4.5",
                "styled-jsx": "5.0.1"
            }
        },
        "normalize-path": {
            "version": "3.0.0",
            "resolved": "https://registry.npmjs.org/normalize-path/-/normalize-path-3.0.0.tgz",
            "integrity": "sha512-6eZs5Ls3WtCisHWp9S2GUy8dqkpGi4BVSz3GaqiE6ezub0512ESztXUwUB6C6IKbQkY2Pnb/mD4WYojCRwcwLA==",
            "dev": true
        },
        "object-assign": {
            "version": "4.1.1",
            "resolved": "https://registry.npmjs.org/object-assign/-/object-assign-4.1.1.tgz",
            "integrity": "sha1-IQmtx5ZYh8/AXLvUQsrIv7s2CGM="
        },
        "opentype.js": {
            "version": "1.3.4",
            "resolved": "https://registry.npmjs.org/opentype.js/-/opentype.js-1.3.4.tgz",
            "integrity": "sha512-d2JE9RP/6uagpQAVtJoF0pJJA/fgai89Cc50Yp0EJHk+eLp6QQ7gBoblsnubRULNY132I0J1QKMJ+JTbMqz4sw==",
            "requires": {
                "string.prototype.codepointat": "^0.2.1",
                "tiny-inflate": "^1.0.3"
            }
        },
        "picocolors": {
            "version": "1.0.0",
            "resolved": "https://registry.npmjs.org/picocolors/-/picocolors-1.0.0.tgz",
            "integrity": "sha512-1fygroTLlHu66zi26VoTDv8yRgm0Fccecssto+MhsZ0D/DGW2sm8E8AjW7NU5VVTRt5GxbeZ5qBuJr+HyLYkjQ=="
        },
        "picomatch": {
            "version": "2.3.0",
            "resolved": "https://registry.npmjs.org/picomatch/-/picomatch-2.3.0.tgz",
            "integrity": "sha512-lY1Q/PiJGC2zOv/z391WOTD+Z02bCgsFfvxoXXf6h7kv9o+WmsmzYqrAwY63sNgOxE4xEdq0WyUnXfKeBrSvYw==",
            "dev": true
        },
        "postcss": {
            "version": "8.4.5",
            "resolved": "https://registry.npmjs.org/postcss/-/postcss-8.4.5.tgz",
            "integrity": "sha512-jBDboWM8qpaqwkMwItqTQTiFikhs/67OYVvblFFTM7MrZjt6yMKd6r2kgXizEbTTljacm4NldIlZnhbjr84QYg==",
            "requires": {
                "nanoid": "^3.1.30",
                "picocolors": "^1.0.0",
                "source-map-js": "^1.0.1"
            }
        },
        "potpack": {
            "version": "1.0.2",
            "resolved": "https://registry.npmjs.org/potpack/-/potpack-1.0.2.tgz",
            "integrity": "sha512-choctRBIV9EMT9WGAZHn3V7t0Z2pMQyl0EZE6pFc/6ml3ssw7Dlf/oAOvFwjm1HVsqfQN8GfeFyJ+d8tRzqueQ=="
        },
        "prop-types": {
            "version": "15.7.2",
            "resolved": "https://registry.npmjs.org/prop-types/-/prop-types-15.7.2.tgz",
            "integrity": "sha512-8QQikdH7//R2vurIJSutZ1smHYTcLpRWEOlHnzcWHmBYrOGUysKwSsrC89BCiFj3CbrfJ/nXFdJepOVrY1GCHQ==",
            "requires": {
                "loose-envify": "^1.4.0",
                "object-assign": "^4.1.1",
                "react-is": "^16.8.1"
            }
        },
        "react": {
            "version": "18.0.0",
            "resolved": "https://registry.npmjs.org/react/-/react-18.0.0.tgz",
            "integrity": "sha512-x+VL6wbT4JRVPm7EGxXhZ8w8LTROaxPXOqhlGyVSrv0sB1jkyFGgXxJ8LVoPRLvPR6/CIZGFmfzqUa2NYeMr2A==",
            "requires": {
                "loose-envify": "^1.1.0"
            }
        },
        "react-composer": {
            "version": "5.0.2",
            "resolved": "https://registry.npmjs.org/react-composer/-/react-composer-5.0.2.tgz",
            "integrity": "sha512-6E2UNjUF0e7KRY+/faU2Hv7D9zagXnYdTfSSCGdYfuds6mRnVpN19vrbHXShaQzJNVXL4VOUb8qq6DvClDIG1g==",
            "requires": {
                "prop-types": "^15.6.0"
            }
        },
        "react-dom": {
            "version": "18.0.0",
            "resolved": "https://registry.npmjs.org/react-dom/-/react-dom-18.0.0.tgz",
            "integrity": "sha512-XqX7uzmFo0pUceWFCt7Gff6IyIMzFUn7QMZrbrQfGxtaxXZIcGQzoNpRLE3fQLnS4XzLLPMZX2T9TRcSrasicw==",
            "requires": {
                "loose-envify": "^1.1.0",
                "scheduler": "^0.21.0"
            }
        },
        "react-is": {
            "version": "16.13.1",
            "resolved": "https://registry.npmjs.org/react-is/-/react-is-16.13.1.tgz",
            "integrity": "sha512-24e6ynE2H+OKt4kqsOvNd8kBpV65zoxbA4BVsEOB3ARVWQki/DHzaUoC5KuON/BiccDaCCTZBuOcfZs70kR8bQ=="
        },
        "react-merge-refs": {
            "version": "1.1.0",
            "resolved": "https://registry.npmjs.org/react-merge-refs/-/react-merge-refs-1.1.0.tgz",
            "integrity": "sha512-alTKsjEL0dKH/ru1Iyn7vliS2QRcBp9zZPGoWxUOvRGWPUYgjo+V01is7p04It6KhgrzhJGnIj9GgX8W4bZoCQ=="
        },
        "react-reconciler": {
            "version": "0.27.0",
            "resolved": "https://registry.npmjs.org/react-reconciler/-/react-reconciler-0.27.0.tgz",
            "integrity": "sha512-HmMDKciQjYmBRGuuhIaKA1ba/7a+UsM5FzOZsMO2JYHt9Jh8reCb7j1eDC95NOyUlKM9KRyvdx0flBuDvYSBoA==",
            "requires": {
                "loose-envify": "^1.1.0",
                "scheduler": "^0.21.0"
            }
        },
        "react-use-gesture": {
            "version": "9.1.3",
            "resolved": "https://registry.npmjs.org/react-use-gesture/-/react-use-gesture-9.1.3.tgz",
            "integrity": "sha512-CdqA2SmS/fj3kkS2W8ZU8wjTbVBAIwDWaRprX7OKaj7HlGwBasGEFggmk5qNklknqk9zK/h8D355bEJFTpqEMg=="
        },
        "react-use-measure": {
            "version": "2.1.1",
            "resolved": "https://registry.npmjs.org/react-use-measure/-/react-use-measure-2.1.1.tgz",
            "integrity": "sha512-nocZhN26cproIiIduswYpV5y5lQpSQS1y/4KuvUCjSKmw7ZWIS/+g3aFnX3WdBkyuGUtTLif3UTqnLLhbDoQig==",
            "requires": {
                "debounce": "^1.2.1"
            }
        },
        "readdirp": {
            "version": "3.5.0",
            "resolved": "https://registry.npmjs.org/readdirp/-/readdirp-3.5.0.tgz",
            "integrity": "sha512-cMhu7c/8rdhkHXWsY+osBhfSy0JikwpHK/5+imo+LpeasTF8ouErHrlYkwT0++njiyuDvc7OFY5T3ukvZ8qmFQ==",
            "dev": true,
            "requires": {
                "picomatch": "^2.2.1"
            }
        },
        "regenerator-runtime": {
            "version": "0.13.9",
            "resolved": "https://registry.npmjs.org/regenerator-runtime/-/regenerator-runtime-0.13.9.tgz",
            "integrity": "sha512-p3VT+cOEgxFsRRA9X4lkI1E+k2/CtnKtU4gcxyaCUreilL/vqI6CdZ3wxVUx3UOUg+gnUOQQcRI7BmSI656MYA=="
        },
        "regexp-to-ast": {
            "version": "0.5.0",
            "resolved": "https://registry.npmjs.org/regexp-to-ast/-/regexp-to-ast-0.5.0.tgz",
            "integrity": "sha512-tlbJqcMHnPKI9zSrystikWKwHkBqu2a/Sgw01h3zFjvYrMxEDYHzzoMZnUrbIfpTFEsoRnnviOXNCzFiSc54Qw=="
        },
        "require-from-string": {
            "version": "2.0.2",
            "resolved": "https://registry.npmjs.org/require-from-string/-/require-from-string-2.0.2.tgz",
            "integrity": "sha512-Xf0nWe6RseziFMu+Ap9biiUbmplq6S9/p+7w7YXP/JBHhrUDDUhwa+vANyubuqfZWTveU//DYVGsDG7RKL/vEw=="
        },
        "sass": {
            "version": "1.44.0",
            "resolved": "https://registry.npmjs.org/sass/-/sass-1.44.0.tgz",
            "integrity": "sha512-0hLREbHFXGQqls/K8X+koeP+ogFRPF4ZqetVB19b7Cst9Er8cOR0rc6RU7MaI4W1JmUShd1BPgPoeqmmgMMYFw==",
            "dev": true,
            "requires": {
                "chokidar": ">=3.0.0 <4.0.0",
                "immutable": "^4.0.0"
            }
        },
        "scheduler": {
            "version": "0.21.0",
            "resolved": "https://registry.npmjs.org/scheduler/-/scheduler-0.21.0.tgz",
            "integrity": "sha512-1r87x5fz9MXqswA2ERLo0EbOAU74DpIUO090gIasYTqlVoJeMcl+Z1Rg7WHz+qtPujhS/hGIt9kxZOYBV3faRQ==",
            "requires": {
                "loose-envify": "^1.1.0"
            }
        },
        "source-map-js": {
            "version": "1.0.2",
            "resolved": "https://registry.npmjs.org/source-map-js/-/source-map-js-1.0.2.tgz",
            "integrity": "sha512-R0XvVJ9WusLiqTCEiGCmICCMplcCkIwwR11mOSD9CR5u+IXYdiseeEuXCVAjS54zqwkLcPNnmU4OeJ6tUrWhDw=="
        },
        "stats.js": {
            "version": "0.17.0",
            "resolved": "https://registry.npmjs.org/stats.js/-/stats.js-0.17.0.tgz",
            "integrity": "sha1-scPcRtlEmLV4t/05hbgaznExzH0="
        },
        "string.prototype.codepointat": {
            "version": "0.2.1",
            "resolved": "https://registry.npmjs.org/string.prototype.codepointat/-/string.prototype.codepointat-0.2.1.tgz",
            "integrity": "sha512-2cBVCj6I4IOvEnjgO/hWqXjqBGsY+zwPmHl12Srk9IXSZ56Jwwmy+66XO5Iut/oQVR7t5ihYdLB0GMa4alEUcg=="
        },
        "styled-jsx": {
            "version": "5.0.1",
            "resolved": "https://registry.npmjs.org/styled-jsx/-/styled-jsx-5.0.1.tgz",
            "integrity": "sha512-+PIZ/6Uk40mphiQJJI1202b+/dYeTVd9ZnMPR80pgiWbjIwvN2zIp4r9et0BgqBuShh48I0gttPlAXA7WVvBxw=="
        },
        "suspend-react": {
            "version": "0.0.8",
            "resolved": "https://registry.npmjs.org/suspend-react/-/suspend-react-0.0.8.tgz",
            "integrity": "sha512-ZC3r8Hu1y0dIThzsGw0RLZplnX9yXwfItcvaIzJc2VQVi8TGyGDlu92syMB5ulybfvGLHAI5Ghzlk23UBPF8xg=="
        },
        "three-mesh-bvh": {
            "version": "0.5.8",
            "resolved": "https://registry.npmjs.org/three-mesh-bvh/-/three-mesh-bvh-0.5.8.tgz",
            "integrity": "sha512-aw1hGGKP91WC98vDh+M7yGczwnmmtbcCwDjsh7hls076S91GuSfWbCoym3GK64uR0BhySlV5mEitCKQu3o7srg=="
        },
        "three-stdlib": {
            "version": "2.9.1",
            "resolved": "https://registry.npmjs.org/three-stdlib/-/three-stdlib-2.9.1.tgz",
            "integrity": "sha512-e+Hyd47ssVTy2UzUfmaccB7m30qITVMdvGs/QypeGdJa3uwhw1zR9jO/ce61S65Omiy/oGDMWG8dJIZxyQ7u8w==",
            "requires": {
                "@babel/runtime": "^7.16.7",
                "@webgpu/glslang": "^0.0.15",
                "chevrotain": "^10.1.2",
                "draco3d": "^1.4.1",
                "fflate": "^0.6.9",
                "ktx-parse": "^0.2.1",
                "mmd-parser": "^1.0.4",
                "opentype.js": "^1.3.3",
                "potpack": "^1.0.1",
                "zstddec": "^0.0.2"
            }
        },
        "tiny-inflate": {
            "version": "1.0.3",
            "resolved": "https://registry.npmjs.org/tiny-inflate/-/tiny-inflate-1.0.3.tgz",
            "integrity": "sha512-pkY1fj1cKHb2seWDy0B16HeWyczlJA9/WW3u3c4z/NiWDsO3DOU5D7nhTLE9CF0yXv/QZFY7sEJmj24dK+Rrqw=="
        },
        "to-regex-range": {
            "version": "5.0.1",
            "resolved": "https://registry.npmjs.org/to-regex-range/-/to-regex-range-5.0.1.tgz",
            "integrity": "sha512-65P7iz6X5yEr1cwcgvQxbbIw7Uk3gOy5dIdtZ4rDveLqhrdJP+Li/Hx6tyK0NEb+2GCyneCMJiGqrADCSNk8sQ==",
            "dev": true,
            "requires": {
                "is-number": "^7.0.0"
            }
        },
        "troika-three-text": {
            "version": "0.46.4",
            "resolved": "https://registry.npmjs.org/troika-three-text/-/troika-three-text-0.46.4.tgz",
            "integrity": "sha512-Qsv0HhUKTZgSmAJs5wvO7YlBoJSP9TGPLmrg+K9pbQq4lseQdcevbno/WI38bwJBZ/qS56hvfqEzY0zUEFzDIw==",
            "requires": {
                "bidi-js": "^1.0.2",
                "troika-three-utils": "^0.46.0",
                "troika-worker-utils": "^0.46.0",
                "webgl-sdf-generator": "1.1.1"
            }
        },
        "troika-three-utils": {
            "version": "0.46.0",
            "resolved": "https://registry.npmjs.org/troika-three-utils/-/troika-three-utils-0.46.0.tgz",
            "integrity": "sha512-llHyrXAcwzr0bpg80GxsIp73N7FuImm4WCrKDJkAqcAsWmE5pfP9+Qzw+oMWK1P/AdHQ79eOrOl9NjyW4aOw0w=="
        },
        "troika-worker-utils": {
            "version": "0.46.0",
            "resolved": "https://registry.npmjs.org/troika-worker-utils/-/troika-worker-utils-0.46.0.tgz",
            "integrity": "sha512-bzOx5f2ZBxkFhXtIvDJlLn2AI3bzCkGVbCndl/2dL5QZrwHEKl45OEIilCxYQQWJG1rEbOD9O80tMjoYjw19OA=="
        },
        "typescript": {
            "version": "4.5.2",
            "resolved": "https://registry.npmjs.org/typescript/-/typescript-4.5.2.tgz",
            "integrity": "sha512-5BlMof9H1yGt0P8/WF+wPNw6GfctgGjXp5hkblpyT+8rkASSmkUKMXrxR0Xg8ThVCi/JnHQiKXeBaEwCeQwMFw==",
            "dev": true
        },
        "utility-types": {
            "version": "3.10.0",
            "resolved": "https://registry.npmjs.org/utility-types/-/utility-types-3.10.0.tgz",
            "integrity": "sha512-O11mqxmi7wMKCo6HKFt5AhO4BwY3VV68YU07tgxfz8zJTIxr4BpsezN49Ffwy9j3ZpwwJp4fkRwjRzq3uWE6Rg=="
        },
        "webgl-constants": {
            "version": "1.1.1",
            "resolved": "https://registry.npmjs.org/webgl-constants/-/webgl-constants-1.1.1.tgz",
            "integrity": "sha512-LkBXKjU5r9vAW7Gcu3T5u+5cvSvh5WwINdr0C+9jpzVB41cjQAP5ePArDtk/WHYdVj0GefCgM73BA7FlIiNtdg=="
        },
        "webgl-sdf-generator": {
            "version": "1.1.1",
            "resolved": "https://registry.npmjs.org/webgl-sdf-generator/-/webgl-sdf-generator-1.1.1.tgz",
            "integrity": "sha512-9Z0JcMTFxeE+b2x1LJTdnaT8rT8aEp7MVxkNwoycNmJWwPdzoXzMh0BjJSh/AEFP+KPYZUli814h8bJZFIZ2jA=="
        },
        "zstddec": {
            "version": "0.0.2",
            "resolved": "https://registry.npmjs.org/zstddec/-/zstddec-0.0.2.tgz",
            "integrity": "sha512-DCo0oxvcvOTGP/f5FA6tz2Z6wF+FIcEApSTu0zV5sQgn9hoT5lZ9YRAKUraxt9oP7l4e8TnNdi8IZTCX6WCkwA=="
        },
        "zustand": {
            "version": "3.7.1",
            "resolved": "https://registry.npmjs.org/zustand/-/zustand-3.7.1.tgz",
            "integrity": "sha512-wHBCZlKj+bg03/hP+Tzv24YhnqqP8MCeN9ECPDXoF01062SIbnfl3j9O0znkDw1lNTY0a8WN3F///a0UhhaEqg=="
        }
    }
}
